<?xml version="1.0" encoding="utf-8"?>
<Project ToolsVersion="4.0" xmlns="http://schemas.microsoft.com/developer/msbuild/2003">
  <ItemGroup>
    <ClCompile Include="main.cpp" />
    <ClCompile Include="stdafx.cpp" />
    <ClCompile Include="tree\AvlTree.cpp">
      <Filter>tree</Filter>
    </ClCompile>
    <ClCompile Include="tree\B+Tree.cpp">
      <Filter>tree</Filter>
    </ClCompile>
    <ClCompile Include="tree\BTree.cpp">
      <Filter>tree</Filter>
    </ClCompile>
    <ClCompile Include="tree\RBTree.cpp">
      <Filter>tree</Filter>
    </ClCompile>
    <ClCompile Include="hash\SHash.cpp">
      <Filter>hash</Filter>
    </ClCompile>
    <ClCompile Include="tree\SuffixTree.cpp">
      <Filter>tree</Filter>
    </ClCompile>
    <ClCompile Include="tree\BSTree.cpp">
      <Filter>tree</Filter>
    </ClCompile>
  </ItemGroup>
  <ItemGroup>
    <ClInclude Include="stdafx.h" />
    <ClInclude Include="targetver.h" />
    <ClInclude Include="tree\AvlTree.h">
      <Filter>tree\.h</Filter>
    </ClInclude>
    <ClInclude Include="tree\B+Tree.h">
      <Filter>tree\.h</Filter>
    </ClInclude>
    <ClInclude Include="tree\BinaryTree.h">
      <Filter>tree\.h</Filter>
    </ClInclude>
    <ClInclude Include="tree\BTree.h">
      <Filter>tree\.h</Filter>
    </ClInclude>
    <ClInclude Include="tree\RBTree.h">
      <Filter>tree\.h</Filter>
    </ClInclude>
    <ClInclude Include="hash\SHash.h">
      <Filter>hash\.h</Filter>
    </ClInclude>
    <ClInclude Include="tree\SuffixTree.h">
      <Filter>tree\.h</Filter>
    </ClInclude>
    <ClInclude Include="tree\BSTree.h">
      <Filter>tree\.h</Filter>
    </ClInclude>
  </ItemGroup>
  <ItemGroup>
    <Text Include="ReadMe.txt" />
  </ItemGroup>
  <ItemGroup>
    <Filter Include="tree">
      <UniqueIdentifier>{805b3e9a-419f-487b-a21d-7ab564e3d7f4}</UniqueIdentifier>
    </Filter>
    <Filter Include="tree\.h">
      <UniqueIdentifier>{3c0a957d-b8cb-406e-9bbb-a23ceae3a176}</UniqueIdentifier>
    </Filter>
    <Filter Include="hash">
      <UniqueIdentifier>{a8962c94-b3f8-42d1-8cc3-e0852f0477a5}</UniqueIdentifier>
    </Filter>
    <Filter Include="hash\.h">
      <UniqueIdentifier>{72fe69f2-be0e-4c1c-8141-f04a626e4213}</UniqueIdentifier>
    </Filter>
    <Filter Include="test">
      <UniqueIdentifier>{9fa86802-1090-415a-9708-f13e06d15518}</UniqueIdentifier>
    </Filter>
    <Filter Include="list">
      <UniqueIdentifier>{630a3a77-60fa-41ed-8f17-43dad1ff1739}</UniqueIdentifier>
    </Filter>
  </ItemGroup>
</Project>